
Microsoft Visual Studio Solution File, Format Version 12.00
# Visual Studio Version 17
VisualStudioVersion = 17.4.33205.214
MinimumVisualStudioVersion = 10.0.40219.1
Project("{FAE04EC0-301F-11D3-BF4B-00C04F79EFBC}") = "1LL", "1LL\1LL.csproj", "{80B108F9-6E21-4AF4-8832-2019CA3445E2}"
EndProject
Global
	GlobalSection(SolutionConfigurationPlatforms) = preSolution
		Debug|Any CPU = Debug|Any CPU
		Release|Any CPU = Release|Any CPU
	EndGlobalSection
	GlobalSection(ProjectConfigurationPlatforms) = postSolution
		{80B108F9-6E21-4AF4-8832-2019CA3445E2}.Debug|Any CPU.ActiveCfg = Debug|Any CPU
		{80B108F9-6E21-4AF4-8832-2019CA3445E2}.Debug|Any CPU.Build.0 = Debug|Any CPU
		{80B108F9-6E21-4AF4-8832-2019CA3445E2}.Release|Any CPU.ActiveCfg = Release|Any CPU
		{80B108F9-6E21-4AF4-8832-2019CA3445E2}.Release|Any CPU.Build.0 = Release|Any CPU
	EndGlobalSection
	GlobalSection(SolutionProperties) = preSolution
		HideSolutionNode = FALSE
	EndGlobalSection
	GlobalSection(ExtensibilityGlobals) = postSolution
		SolutionGuid = {DF585B04-604A-4B93-B92D-C170BAAB7980}
	EndGlobalSection
EndGlobal
